
Microsoft Visual Studio Solution File, Format Version 12.00
# Visual Studio 15
VisualStudioVersion = 15.0.26228.9
MinimumVisualStudioVersion = 10.0.40219.1
Project("{FAE04EC0-301F-11D3-BF4B-00C04F79EFBC}") = "AlipayBindingDemo", "AlipayBindingDemo\AlipayBindingDemo.csproj", "{34DD142E-3D2C-4A40-AF0D-BDC68B54379D}"
EndProject
Project("{FAE04EC0-301F-11D3-BF4B-00C04F79EFBC}") = "AlipayDemo.Droid", "AlipayDemo.Droid\AlipayDemo.Droid.csproj", "{42047734-0954-43A0-852C-F5992AB636EF}"
EndProject
Global
	GlobalSection(SolutionConfigurationPlatforms) = preSolution
		Debug|Any CPU = Debug|Any CPU
		Release|Any CPU = Release|Any CPU
	EndGlobalSection
	GlobalSection(ProjectConfigurationPlatforms) = postSolution
		{34DD142E-3D2C-4A40-AF0D-BDC68B54379D}.Debug|Any CPU.ActiveCfg = Debug|Any CPU
		{34DD142E-3D2C-4A40-AF0D-BDC68B54379D}.Debug|Any CPU.Build.0 = Debug|Any CPU
		{34DD142E-3D2C-4A40-AF0D-BDC68B54379D}.Release|Any CPU.ActiveCfg = Release|Any CPU
		{34DD142E-3D2C-4A40-AF0D-BDC68B54379D}.Release|Any CPU.Build.0 = Release|Any CPU
		{42047734-0954-43A0-852C-F5992AB636EF}.Debug|Any CPU.ActiveCfg = Debug|Any CPU
		{42047734-0954-43A0-852C-F5992AB636EF}.Debug|Any CPU.Build.0 = Debug|Any CPU
		{42047734-0954-43A0-852C-F5992AB636EF}.Debug|Any CPU.Deploy.0 = Debug|Any CPU
		{42047734-0954-43A0-852C-F5992AB636EF}.Release|Any CPU.ActiveCfg = Release|Any CPU
		{42047734-0954-43A0-852C-F5992AB636EF}.Release|Any CPU.Build.0 = Release|Any CPU
		{42047734-0954-43A0-852C-F5992AB636EF}.Release|Any CPU.Deploy.0 = Release|Any CPU
	EndGlobalSection
	GlobalSection(SolutionProperties) = preSolution
		HideSolutionNode = FALSE
	EndGlobalSection
EndGlobal
